
Microsoft Visual Studio Solution File, Format Version 12.00
# Visual Studio Version 17
VisualStudioVersion = 17.8.34525.116
MinimumVisualStudioVersion = 10.0.40219.1
Project("{FAE04EC0-301F-11D3-BF4B-00C04F79EFBC}") = "ProjectNugets", "ProjectNugets\ProjectNugets.csproj", "{3F97C02D-3B22-407B-9D71-CFC8B88628B4}"
EndProject
Global
	GlobalSection(SolutionConfigurationPlatforms) = preSolution
		Debug|Any CPU = Debug|Any CPU
		Release|Any CPU = Release|Any CPU
	EndGlobalSection
	GlobalSection(ProjectConfigurationPlatforms) = postSolution
		{3F97C02D-3B22-407B-9D71-CFC8B88628B4}.Debug|Any CPU.ActiveCfg = Debug|Any CPU
		{3F97C02D-3B22-407B-9D71-CFC8B88628B4}.Debug|Any CPU.Build.0 = Debug|Any CPU
		{3F97C02D-3B22-407B-9D71-CFC8B88628B4}.Release|Any CPU.ActiveCfg = Release|Any CPU
		{3F97C02D-3B22-407B-9D71-CFC8B88628B4}.Release|Any CPU.Build.0 = Release|Any CPU
	EndGlobalSection
	GlobalSection(SolutionProperties) = preSolution
		HideSolutionNode = FALSE
	EndGlobalSection
	GlobalSection(ExtensibilityGlobals) = postSolution
		SolutionGuid = {A58D8A87-28F3-4DC0-A151-3883080DF489}
	EndGlobalSection
EndGlobal
